
Microsoft Visual Studio Solution File, Format Version 12.00
# Visual Studio Version 17
VisualStudioVersion = 17.9.34723.18
MinimumVisualStudioVersion = 10.0.40219.1
Project("{FAE04EC0-301F-11D3-BF4B-00C04F79EFBC}") = "UDPLogger", "UDPLogger.csproj", "{8E3A79AB-8F88-4C52-88E7-3EF54A6CF631}"
EndProject
Global
	GlobalSection(SolutionConfigurationPlatforms) = preSolution
		Debug|Any CPU = Debug|Any CPU
		Release|Any CPU = Release|Any CPU
	EndGlobalSection
	GlobalSection(ProjectConfigurationPlatforms) = postSolution
		{8E3A79AB-8F88-4C52-88E7-3EF54A6CF631}.Debug|Any CPU.ActiveCfg = Debug|Any CPU
		{8E3A79AB-8F88-4C52-88E7-3EF54A6CF631}.Debug|Any CPU.Build.0 = Debug|Any CPU
		{8E3A79AB-8F88-4C52-88E7-3EF54A6CF631}.Release|Any CPU.ActiveCfg = Release|Any CPU
		{8E3A79AB-8F88-4C52-88E7-3EF54A6CF631}.Release|Any CPU.Build.0 = Release|Any CPU
	EndGlobalSection
	GlobalSection(SolutionProperties) = preSolution
		HideSolutionNode = FALSE
	EndGlobalSection
	GlobalSection(ExtensibilityGlobals) = postSolution
		SolutionGuid = {81E4F91A-1EA5-4514-8503-725A7CB56AF2}
	EndGlobalSection
EndGlobal
